
Microsoft Visual Studio Solution File, Format Version 12.00
# Visual Studio 15
VisualStudioVersion = 15.0.28010.2016
MinimumVisualStudioVersion = 10.0.40219.1
Project("{FAE04EC0-301F-11D3-BF4B-00C04F79EFBC}") = "NetStandardLibrary", "NetStandardLibrary\NetStandardLibrary.csproj", "{9DAED575-D584-4DAA-B421-AC61F0153F8B}"
EndProject
Project("{FAE04EC0-301F-11D3-BF4B-00C04F79EFBC}") = "NetStandardConsole", "NetStandardConsole\NetStandardConsole.csproj", "{BE66862B-1669-41EB-AA92-CCE62D52B814}"
EndProject
Project("{930C7802-8A8C-48F9-8165-68863BCCD9DD}") = "WixSetupProject", "WixSetupProject\WixSetupProject.wixproj", "{FB477FF7-5C0C-4631-9531-066FDA2A11A0}"
EndProject
Global
	GlobalSection(SolutionConfigurationPlatforms) = preSolution
		Debug|Any CPU = Debug|Any CPU
		Debug|x86 = Debug|x86
		Release|Any CPU = Release|Any CPU
		Release|x86 = Release|x86
	EndGlobalSection
	GlobalSection(ProjectConfigurationPlatforms) = postSolution
		{9DAED575-D584-4DAA-B421-AC61F0153F8B}.Debug|Any CPU.ActiveCfg = Debug|Any CPU
		{9DAED575-D584-4DAA-B421-AC61F0153F8B}.Debug|Any CPU.Build.0 = Debug|Any CPU
		{9DAED575-D584-4DAA-B421-AC61F0153F8B}.Debug|x86.ActiveCfg = Debug|Any CPU
		{9DAED575-D584-4DAA-B421-AC61F0153F8B}.Debug|x86.Build.0 = Debug|Any CPU
		{9DAED575-D584-4DAA-B421-AC61F0153F8B}.Release|Any CPU.ActiveCfg = Release|Any CPU
		{9DAED575-D584-4DAA-B421-AC61F0153F8B}.Release|Any CPU.Build.0 = Release|Any CPU
		{9DAED575-D584-4DAA-B421-AC61F0153F8B}.Release|x86.ActiveCfg = Release|Any CPU
		{9DAED575-D584-4DAA-B421-AC61F0153F8B}.Release|x86.Build.0 = Release|Any CPU
		{BE66862B-1669-41EB-AA92-CCE62D52B814}.Debug|Any CPU.ActiveCfg = Debug|Any CPU
		{BE66862B-1669-41EB-AA92-CCE62D52B814}.Debug|Any CPU.Build.0 = Debug|Any CPU
		{BE66862B-1669-41EB-AA92-CCE62D52B814}.Debug|x86.ActiveCfg = Debug|Any CPU
		{BE66862B-1669-41EB-AA92-CCE62D52B814}.Debug|x86.Build.0 = Debug|Any CPU
		{BE66862B-1669-41EB-AA92-CCE62D52B814}.Release|Any CPU.ActiveCfg = Release|Any CPU
		{BE66862B-1669-41EB-AA92-CCE62D52B814}.Release|Any CPU.Build.0 = Release|Any CPU
		{BE66862B-1669-41EB-AA92-CCE62D52B814}.Release|x86.ActiveCfg = Release|Any CPU
		{BE66862B-1669-41EB-AA92-CCE62D52B814}.Release|x86.Build.0 = Release|Any CPU
		{FB477FF7-5C0C-4631-9531-066FDA2A11A0}.Debug|Any CPU.ActiveCfg = Debug|x86
		{FB477FF7-5C0C-4631-9531-066FDA2A11A0}.Debug|x86.ActiveCfg = Debug|x86
		{FB477FF7-5C0C-4631-9531-066FDA2A11A0}.Debug|x86.Build.0 = Debug|x86
		{FB477FF7-5C0C-4631-9531-066FDA2A11A0}.Release|Any CPU.ActiveCfg = Release|x86
		{FB477FF7-5C0C-4631-9531-066FDA2A11A0}.Release|x86.ActiveCfg = Release|x86
		{FB477FF7-5C0C-4631-9531-066FDA2A11A0}.Release|x86.Build.0 = Release|x86
	EndGlobalSection
	GlobalSection(SolutionProperties) = preSolution
		HideSolutionNode = FALSE
	EndGlobalSection
	GlobalSection(ExtensibilityGlobals) = postSolution
		SolutionGuid = {DA3C316B-ED98-4F0D-A65E-DDAB919BCE82}
	EndGlobalSection
EndGlobal
